// !$*UTF8*$!
{
	archiveVersion = 1;
	classes = {
	};
	objectVersion = 50;
	objects = {

/* Begin PBXBuildFile section */
		1B2E71AB2421C8A50034F4A1 /* Presentation.storyboard in Resources */ = {isa = PBXBuildFile; fileRef = 1B2E71AA2421C8A50034F4A1 /* Presentation.storyboard */; };
		1B2E71AD2421C8B00034F4A1 /* PresentationStyle.storyboard in Resources */ = {isa = PBXBuildFile; fileRef = 1B2E71AC2421C8B00034F4A1 /* PresentationStyle.storyboard */; };
		1B2E71AF2421C8BC0034F4A1 /* TransitionStyle.storyboard in Resources */ = {isa = PBXBuildFile; fileRef = 1B2E71AE2421C8BC0034F4A1 /* TransitionStyle.storyboard */; };
		1B2E71B12421C8CB0034F4A1 /* PresentationContext.storyboard in Resources */ = {isa = PBXBuildFile; fileRef = 1B2E71B02421C8CB0034F4A1 /* PresentationContext.storyboard */; };
		1B2E71B32421C94D0034F4A1 /* ModalViewController.swift in Sources */ = {isa = PBXBuildFile; fileRef = 1B2E71B22421C94D0034F4A1 /* ModalViewController.swift */; };
		1B2E71B52421C9590034F4A1 /* PresentationViewController.swift in Sources */ = {isa = PBXBuildFile; fileRef = 1B2E71B42421C9590034F4A1 /* PresentationViewController.swift */; };
		1B2E71B72421CDFB0034F4A1 /* TransitionStyleViewController.swift in Sources */ = {isa = PBXBuildFile; fileRef = 1B2E71B62421CDFB0034F4A1 /* TransitionStyleViewController.swift */; };
		1B2E71B92421D0CD0034F4A1 /* PresentationStyleViewController.swift in Sources */ = {isa = PBXBuildFile; fileRef = 1B2E71B82421D0CD0034F4A1 /* PresentationStyleViewController.swift */; };
		1B2E71BB2421D39A0034F4A1 /* PresentationContextViewController.swift in Sources */ = {isa = PBXBuildFile; fileRef = 1B2E71BA2421D39A0034F4A1 /* PresentationContextViewController.swift */; };
		1B857F1C241FAD5600FE41CB /* AppDelegate.swift in Sources */ = {isa = PBXBuildFile; fileRef = 1B857F1B241FAD5600FE41CB /* AppDelegate.swift */; };
		1B857F1E241FAD5600FE41CB /* SceneDelegate.swift in Sources */ = {isa = PBXBuildFile; fileRef = 1B857F1D241FAD5600FE41CB /* SceneDelegate.swift */; };
		1B857F20241FAD5600FE41CB /* ViewController.swift in Sources */ = {isa = PBXBuildFile; fileRef = 1B857F1F241FAD5600FE41CB /* ViewController.swift */; };
		1B857F23241FAD5600FE41CB /* Main.storyboard in Resources */ = {isa = PBXBuildFile; fileRef = 1B857F21241FAD5600FE41CB /* Main.storyboard */; };
		1B857F25241FAD5700FE41CB /* Assets.xcassets in Resources */ = {isa = PBXBuildFile; fileRef = 1B857F24241FAD5700FE41CB /* Assets.xcassets */; };
		1B857F28241FAD5700FE41CB /* LaunchScreen.storyboard in Resources */ = {isa = PBXBuildFile; fileRef = 1B857F26241FAD5700FE41CB /* LaunchScreen.storyboard */; };
		1B857F31241FAE4300FE41CB /* ViewTransition.storyboard in Resources */ = {isa = PBXBuildFile; fileRef = 1B857F30241FAE4300FE41CB /* ViewTransition.storyboard */; };
		1B857F33241FAE5100FE41CB /* ViewTransitionViewController.swift in Sources */ = {isa = PBXBuildFile; fileRef = 1B857F32241FAE5100FE41CB /* ViewTransitionViewController.swift */; };
/* End PBXBuildFile section */

/* Begin PBXFileReference section */
		1B2E71AA2421C8A50034F4A1 /* Presentation.storyboard */ = {isa = PBXFileReference; lastKnownFileType = file.storyboard; path = Presentation.storyboard; sourceTree = "<group>"; };
		1B2E71AC2421C8B00034F4A1 /* PresentationStyle.storyboard */ = {isa = PBXFileReference; lastKnownFileType = file.storyboard; path = PresentationStyle.storyboard; sourceTree = "<group>"; };
		1B2E71AE2421C8BC0034F4A1 /* TransitionStyle.storyboard */ = {isa = PBXFileReference; lastKnownFileType = file.storyboard; path = TransitionStyle.storyboard; sourceTree = "<group>"; };
		1B2E71B02421C8CB0034F4A1 /* PresentationContext.storyboard */ = {isa = PBXFileReference; lastKnownFileType = file.storyboard; path = PresentationContext.storyboard; sourceTree = "<group>"; };
		1B2E71B22421C94D0034F4A1 /* ModalViewController.swift */ = {isa = PBXFileReference; lastKnownFileType = sourcecode.swift; path = ModalViewController.swift; sourceTree = "<group>"; };
		1B2E71B42421C9590034F4A1 /* PresentationViewController.swift */ = {isa = PBXFileReference; lastKnownFileType = sourcecode.swift; path = PresentationViewController.swift; sourceTree = "<group>"; };
		1B2E71B62421CDFB0034F4A1 /* TransitionStyleViewController.swift */ = {isa = PBXFileReference; lastKnownFileType = sourcecode.swift; path = TransitionStyleViewController.swift; sourceTree = "<group>"; };
		1B2E71B82421D0CD0034F4A1 /* PresentationStyleViewController.swift */ = {isa = PBXFileReference; lastKnownFileType = sourcecode.swift; path = PresentationStyleViewController.swift; sourceTree = "<group>"; };
		1B2E71BA2421D39A0034F4A1 /* PresentationContextViewController.swift */ = {isa = PBXFileReference; lastKnownFileType = sourcecode.swift; path = PresentationContextViewController.swift; sourceTree = "<group>"; };
		1B857F18241FAD5600FE41CB /* TransitionStudy.app */ = {isa = PBXFileReference; explicitFileType = wrapper.application; includeInIndex = 0; path = TransitionStudy.app; sourceTree = BUILT_PRODUCTS_DIR; };
		1B857F1B241FAD5600FE41CB /* AppDelegate.swift */ = {isa = PBXFileReference; lastKnownFileType = sourcecode.swift; path = AppDelegate.swift; sourceTree = "<group>"; };
		1B857F1D241FAD5600FE41CB /* SceneDelegate.swift */ = {isa = PBXFileReference; lastKnownFileType = sourcecode.swift; path = SceneDelegate.swift; sourceTree = "<group>"; };
		1B857F1F241FAD5600FE41CB /* ViewController.swift */ = {isa = PBXFileReference; lastKnownFileType = sourcecode.swift; path = ViewController.swift; sourceTree = "<group>"; };
		1B857F22241FAD5600FE41CB /* Base */ = {isa = PBXFileReference; lastKnownFileType = file.storyboard; name = Base; path = Base.lproj/Main.storyboard; sourceTree = "<group>"; };
		1B857F24241FAD5700FE41CB /* Assets.xcassets */ = {isa = PBXFileReference; lastKnownFileType = folder.assetcatalog; path = Assets.xcassets; sourceTree = "<group>"; };
		1B857F27241FAD5700FE41CB /* Base */ = {isa = PBXFileReference; lastKnownFileType = file.storyboard; name = Base; path = Base.lproj/LaunchScreen.storyboard; sourceTree = "<group>"; };
		1B857F29241FAD5700FE41CB /* Info.plist */ = {isa = PBXFileReference; lastKnownFileType = text.plist.xml; path = Info.plist; sourceTree = "<group>"; };
		1B857F30241FAE4300FE41CB /* ViewTransition.storyboard */ = {isa = PBXFileReference; lastKnownFileType = file.storyboard; path = ViewTransition.storyboard; sourceTree = "<group>"; };
		1B857F32241FAE5100FE41CB /* ViewTransitionViewController.swift */ = {isa = PBXFileReference; lastKnownFileType = sourcecode.swift; path = ViewTransitionViewController.swift; sourceTree = "<group>"; };
/* End PBXFileReference section */

/* Begin PBXFrameworksBuildPhase section */
		1B857F15241FAD5600FE41CB /* Frameworks */ = {
			isa = PBXFrameworksBuildPhase;
			buildActionMask = 2147483647;
			files = (
			);
			runOnlyForDeploymentPostprocessing = 0;
		};
/* End PBXFrameworksBuildPhase section */

/* Begin PBXGroup section */
		1B2E71A92421C8900034F4A1 /* ViewControllerPresentation */ = {
			isa = PBXGroup;
			children = (
				1B2E71AA2421C8A50034F4A1 /* Presentation.storyboard */,
				1B2E71B42421C9590034F4A1 /* PresentationViewController.swift */,
				1B2E71AC2421C8B00034F4A1 /* PresentationStyle.storyboard */,
				1B2E71B82421D0CD0034F4A1 /* PresentationStyleViewController.swift */,
				1B2E71AE2421C8BC0034F4A1 /* TransitionStyle.storyboard */,
				1B2E71B62421CDFB0034F4A1 /* TransitionStyleViewController.swift */,
				1B2E71B02421C8CB0034F4A1 /* PresentationContext.storyboard */,
				1B2E71BA2421D39A0034F4A1 /* PresentationContextViewController.swift */,
				1B2E71B22421C94D0034F4A1 /* ModalViewController.swift */,
			);
			path = ViewControllerPresentation;
			sourceTree = "<group>";
		};
		1B857F0F241FAD5600FE41CB = {
			isa = PBXGroup;
			children = (
				1B857F1A241FAD5600FE41CB /* TransitionStudy */,
				1B857F19241FAD5600FE41CB /* Products */,
			);
			sourceTree = "<group>";
		};
		1B857F19241FAD5600FE41CB /* Products */ = {
			isa = PBXGroup;
			children = (
				1B857F18241FAD5600FE41CB /* TransitionStudy.app */,
			);
			name = Products;
			sourceTree = "<group>";
		};
		1B857F1A241FAD5600FE41CB /* TransitionStudy */ = {
			isa = PBXGroup;
			children = (
				1B2E71A92421C8900034F4A1 /* ViewControllerPresentation */,
				1B857F2F241FADC100FE41CB /* ViewTransition */,
				1B857F1B241FAD5600FE41CB /* AppDelegate.swift */,
				1B857F1D241FAD5600FE41CB /* SceneDelegate.swift */,
				1B857F1F241FAD5600FE41CB /* ViewController.swift */,
				1B857F21241FAD5600FE41CB /* Main.storyboard */,
				1B857F24241FAD5700FE41CB /* Assets.xcassets */,
				1B857F26241FAD5700FE41CB /* LaunchScreen.storyboard */,
				1B857F29241FAD5700FE41CB /* Info.plist */,
			);
			path = TransitionStudy;
			sourceTree = "<group>";
		};
		1B857F2F241FADC100FE41CB /* ViewTransition */ = {
			isa = PBXGroup;
			children = (
				1B857F30241FAE4300FE41CB /* ViewTransition.storyboard */,
				1B857F32241FAE5100FE41CB /* ViewTransitionViewController.swift */,
			);
			path = ViewTransition;
			sourceTree = "<group>";
		};
/* End PBXGroup section */

/* Begin PBXNativeTarget section */
		1B857F17241FAD5600FE41CB /* TransitionStudy */ = {
			isa = PBXNativeTarget;
			buildConfigurationList = 1B857F2C241FAD5700FE41CB /* Build configuration list for PBXNativeTarget "TransitionStudy" */;
			buildPhases = (
				1B857F14241FAD5600FE41CB /* Sources */,
				1B857F15241FAD5600FE41CB /* Frameworks */,
				1B857F16241FAD5600FE41CB /* Resources */,
			);
			buildRules = (
			);
			dependencies = (
			);
			name = TransitionStudy;
			productName = TransitionStudy;
			productReference = 1B857F18241FAD5600FE41CB /* TransitionStudy.app */;
			productType = "com.apple.product-type.application";
		};
/* End PBXNativeTarget section */

/* Begin PBXProject section */
		1B857F10241FAD5600FE41CB /* Project object */ = {
			isa = PBXProject;
			attributes = {
				LastSwiftUpdateCheck = 1130;
				LastUpgradeCheck = 1130;
				ORGANIZATIONNAME = kjm;
				TargetAttributes = {
					1B857F17241FAD5600FE41CB = {
						CreatedOnToolsVersion = 11.3.1;
					};
				};
			};
			buildConfigurationList = 1B857F13241FAD5600FE41CB /* Build configuration list for PBXProject "TransitionStudy" */;
			compatibilityVersion = "Xcode 9.3";
			developmentRegion = en;
			hasScannedForEncodings = 0;
			knownRegions = (
				en,
				Base,
			);
			mainGroup = 1B857F0F241FAD5600FE41CB;
			productRefGroup = 1B857F19241FAD5600FE41CB /* Products */;
			projectDirPath = "";
			projectRoot = "";
			targets = (
				1B857F17241FAD5600FE41CB /* TransitionStudy */,
			);
		};
/* End PBXProject section */

/* Begin PBXResourcesBuildPhase section */
		1B857F16241FAD5600FE41CB /* Resources */ = {
			isa = PBXResourcesBuildPhase;
			buildActionMask = 2147483647;
			files = (
				1B2E71AD2421C8B00034F4A1 /* PresentationStyle.storyboard in Resources */,
				1B857F28241FAD5700FE41CB /* LaunchScreen.storyboard in Resources */,
				1B2E71AB2421C8A50034F4A1 /* Presentation.storyboard in Resources */,
				1B857F25241FAD5700FE41CB /* Assets.xcassets in Resources */,
				1B857F31241FAE4300FE41CB /* ViewTransition.storyboard in Resources */,
				1B857F23241FAD5600FE41CB /* Main.storyboard in Resources */,
				1B2E71B12421C8CB0034F4A1 /* PresentationContext.storyboard in Resources */,
				1B2E71AF2421C8BC0034F4A1 /* TransitionStyle.storyboard in Resources */,
			);
			runOnlyForDeploymentPostprocessing = 0;
		};
/* End PBXResourcesBuildPhase section */

/* Begin PBXSourcesBuildPhase section */
		1B857F14241FAD5600FE41CB /* Sources */ = {
			isa = PBXSourcesBuildPhase;
			buildActionMask = 2147483647;
			files = (
				1B857F20241FAD5600FE41CB /* ViewController.swift in Sources */,
				1B2E71B32421C94D0034F4A1 /* ModalViewController.swift in Sources */,
				1B857F1C241FAD5600FE41CB /* AppDelegate.swift in Sources */,
				1B857F33241FAE5100FE41CB /* ViewTransitionViewController.swift in Sources */,
				1B2E71BB2421D39A0034F4A1 /* PresentationContextViewController.swift in Sources */,
				1B2E71B92421D0CD0034F4A1 /* PresentationStyleViewController.swift in Sources */,
				1B2E71B72421CDFB0034F4A1 /* TransitionStyleViewController.swift in Sources */,
				1B2E71B52421C9590034F4A1 /* PresentationViewController.swift in Sources */,
				1B857F1E241FAD5600FE41CB /* SceneDelegate.swift in Sources */,
			);
			runOnlyForDeploymentPostprocessing = 0;
		};
/* End PBXSourcesBuildPhase section */

/* Begin PBXVariantGroup section */
		1B857F21241FAD5600FE41CB /* Main.storyboard */ = {
			isa = PBXVariantGroup;
			children = (
				1B857F22241FAD5600FE41CB /* Base */,
			);
			name = Main.storyboard;
			sourceTree = "<group>";
		};
		1B857F26241FAD5700FE41CB /* LaunchScreen.storyboard */ = {
			isa = PBXVariantGroup;
			children = (
				1B857F27241FAD5700FE41CB /* Base */,
			);
			name = LaunchScreen.storyboard;
			sourceTree = "<group>";
		};
/* End PBXVariantGroup section */

/* Begin XCBuildConfiguration section */
		1B857F2A241FAD5700FE41CB /* Debug */ = {
			isa = XCBuildConfiguration;
			buildSettings = {
				ALWAYS_SEARCH_USER_PATHS = NO;
				CLANG_ANALYZER_NONNULL = YES;
				CLANG_ANALYZER_NUMBER_OBJECT_CONVERSION = YES_AGGRESSIVE;
				CLANG_CXX_LANGUAGE_STANDARD = "gnu++14";
				CLANG_CXX_LIBRARY = "libc++";
				CLANG_ENABLE_MODULES = YES;
				CLANG_ENABLE_OBJC_ARC = YES;
				CLANG_ENABLE_OBJC_WEAK = YES;
				CLANG_WARN_BLOCK_CAPTURE_AUTORELEASING = YES;
				CLANG_WARN_BOOL_CONVERSION = YES;
				CLANG_WARN_COMMA = YES;
				CLANG_WARN_CONSTANT_CONVERSION = YES;
				CLANG_WARN_DEPRECATED_OBJC_IMPLEMENTATIONS = YES;
				CLANG_WARN_DIRECT_OBJC_ISA_USAGE = YES_ERROR;
				CLANG_WARN_DOCUMENTATION_COMMENTS = YES;
				CLANG_WARN_EMPTY_BODY = YES;
				CLANG_WARN_ENUM_CONVERSION = YES;
				CLANG_WARN_INFINITE_RECURSION = YES;
				CLANG_WARN_INT_CONVERSION = YES;
				CLANG_WARN_NON_LITERAL_NULL_CONVERSION = YES;
				CLANG_WARN_OBJC_IMPLICIT_RETAIN_SELF = YES;
				CLANG_WARN_OBJC_LITERAL_CONVERSION = YES;
				CLANG_WARN_OBJC_ROOT_CLASS = YES_ERROR;
				CLANG_WARN_RANGE_LOOP_ANALYSIS = YES;
				CLANG_WARN_STRICT_PROTOTYPES = YES;
				CLANG_WARN_SUSPICIOUS_MOVE = YES;
				CLANG_WARN_UNGUARDED_AVAILABILITY = YES_AGGRESSIVE;
				CLANG_WARN_UNREACHABLE_CODE = YES;
				CLANG_WARN__DUPLICATE_METHOD_MATCH = YES;
				COPY_PHASE_STRIP = NO;
				DEBUG_INFORMATION_FORMAT = dwarf;
				ENABLE_STRICT_OBJC_MSGSEND = YES;
				ENABLE_TESTABILITY = YES;
				GCC_C_LANGUAGE_STANDARD = gnu11;
				GCC_DYNAMIC_NO_PIC = NO;
				GCC_NO_COMMON_BLOCKS = YES;
				GCC_OPTIMIZATION_LEVEL = 0;
				GCC_PREPROCESSOR_DEFINITIONS = (
					"DEBUG=1",
					"$(inherited)",
				);
				GCC_WARN_64_TO_32_BIT_CONVERSION = YES;
				GCC_WARN_ABOUT_RETURN_TYPE = YES_ERROR;
				GCC_WARN_UNDECLARED_SELECTOR = YES;
				GCC_WARN_UNINITIALIZED_AUTOS = YES_AGGRESSIVE;
				GCC_WARN_UNUSED_FUNCTION = YES;
				GCC_WARN_UNUSED_VARIABLE = YES;
				IPHONEOS_DEPLOYMENT_TARGET = 13.2;
				MTL_ENABLE_DEBUG_INFO = INCLUDE_SOURCE;
				MTL_FAST_MATH = YES;
				ONLY_ACTIVE_ARCH = YES;
				SDKROOT = iphoneos;
				SWIFT_ACTIVE_COMPILATION_CONDITIONS = DEBUG;
				SWIFT_OPTIMIZATION_LEVEL = "-Onone";
			};
			name = Debug;
		};
		1B857F2B241FAD5700FE41CB /* Release */ = {
			isa = XCBuildConfiguration;
			buildSettings = {
				ALWAYS_SEARCH_USER_PATHS = NO;
				CLANG_ANALYZER_NONNULL = YES;
				CLANG_ANALYZER_NUMBER_OBJECT_CONVERSION = YES_AGGRESSIVE;
				CLANG_CXX_LANGUAGE_STANDARD = "gnu++14";
				CLANG_CXX_LIBRARY = "libc++";
				CLANG_ENABLE_MODULES = YES;
				CLANG_ENABLE_OBJC_ARC = YES;
				CLANG_ENABLE_OBJC_WEAK = YES;
				CLANG_WARN_BLOCK_CAPTURE_AUTORELEASING = YES;
				CLANG_WARN_BOOL_CONVERSION = YES;
				CLANG_WARN_COMMA = YES;
				CLANG_WARN_CONSTANT_CONVERSION = YES;
				CLANG_WARN_DEPRECATED_OBJC_IMPLEMENTATIONS = YES;
				CLANG_WARN_DIRECT_OBJC_ISA_USAGE = YES_ERROR;
				CLANG_WARN_DOCUMENTATION_COMMENTS = YES;
				CLANG_WARN_EMPTY_BODY = YES;
				CLANG_WARN_ENUM_CONVERSION = YES;
				CLANG_WARN_INFINITE_RECURSION = YES;
				CLANG_WARN_INT_CONVERSION = YES;
				CLANG_WARN_NON_LITERAL_NULL_CONVERSION = YES;
				CLANG_WARN_OBJC_IMPLICIT_RETAIN_SELF = YES;
				CLANG_WARN_OBJC_LITERAL_CONVERSION = YES;
				CLANG_WARN_OBJC_ROOT_CLASS = YES_ERROR;
				CLANG_WARN_RANGE_LOOP_ANALYSIS = YES;
				CLANG_WARN_STRICT_PROTOTYPES = YES;
				CLANG_WARN_SUSPICIOUS_MOVE = YES;
				CLANG_WARN_UNGUARDED_AVAILABILITY = YES_AGGRESSIVE;
				CLANG_WARN_UNREACHABLE_CODE = YES;
				CLANG_WARN__DUPLICATE_METHOD_MATCH = YES;
				COPY_PHASE_STRIP = NO;
				DEBUG_INFORMATION_FORMAT = "dwarf-with-dsym";
				ENABLE_NS_ASSERTIONS = NO;
				ENABLE_STRICT_OBJC_MSGSEND = YES;
				GCC_C_LANGUAGE_STANDARD = gnu11;
				GCC_NO_COMMON_BLOCKS = YES;
				GCC_WARN_64_TO_32_BIT_CONVERSION = YES;
				GCC_WARN_ABOUT_RETURN_TYPE = YES_ERROR;
				GCC_WARN_UNDECLARED_SELECTOR = YES;
				GCC_WARN_UNINITIALIZED_AUTOS = YES_AGGRESSIVE;
				GCC_WARN_UNUSED_FUNCTION = YES;
				GCC_WARN_UNUSED_VARIABLE = YES;
				IPHONEOS_DEPLOYMENT_TARGET = 13.2;
				MTL_ENABLE_DEBUG_INFO = NO;
				MTL_FAST_MATH = YES;
				SDKROOT = iphoneos;
				SWIFT_COMPILATION_MODE = wholemodule;
				SWIFT_OPTIMIZATION_LEVEL = "-O";
				VALIDATE_PRODUCT = YES;
			};
			name = Release;
		};
		1B857F2D241FAD5700FE41CB /* Debug */ = {
			isa = XCBuildConfiguration;
			buildSettings = {
				ASSETCATALOG_COMPILER_APPICON_NAME = AppIcon;
				CODE_SIGN_STYLE = Automatic;
				INFOPLIST_FILE = TransitionStudy/Info.plist;
				LD_RUNPATH_SEARCH_PATHS = (
					"$(inherited)",
					"@executable_path/Frameworks",
				);
				PRODUCT_BUNDLE_IDENTIFIER = com.kjm.TransitionStudy;
				PRODUCT_NAME = "$(TARGET_NAME)";
				SWIFT_VERSION = 5.0;
				TARGETED_DEVICE_FAMILY = "1,2";
			};
			name = Debug;
		};
		1B857F2E241FAD5700FE41CB /* Release */ = {
			isa = XCBuildConfiguration;
			buildSettings = {
				ASSETCATALOG_COMPILER_APPICON_NAME = AppIcon;
				CODE_SIGN_STYLE = Automatic;
				INFOPLIST_FILE = TransitionStudy/Info.plist;
				LD_RUNPATH_SEARCH_PATHS = (
					"$(inherited)",
					"@executable_path/Frameworks",
				);
				PRODUCT_BUNDLE_IDENTIFIER = com.kjm.TransitionStudy;
				PRODUCT_NAME = "$(TARGET_NAME)";
				SWIFT_VERSION = 5.0;
				TARGETED_DEVICE_FAMILY = "1,2";
			};
			name = Release;
		};
/* End XCBuildConfiguration section */

/* Begin XCConfigurationList section */
		1B857F13241FAD5600FE41CB /* Build configuration list for PBXProject "TransitionStudy" */ = {
			isa = XCConfigurationList;
			buildConfigurations = (
				1B857F2A241FAD5700FE41CB /* Debug */,
				1B857F2B241FAD5700FE41CB /* Release */,
			);
			defaultConfigurationIsVisible = 0;
			defaultConfigurationName = Release;
		};
		1B857F2C241FAD5700FE41CB /* Build configuration list for PBXNativeTarget "TransitionStudy" */ = {
			isa = XCConfigurationList;
			buildConfigurations = (
				1B857F2D241FAD5700FE41CB /* Debug */,
				1B857F2E241FAD5700FE41CB /* Release */,
			);
			defaultConfigurationIsVisible = 0;
			defaultConfigurationName = Release;
		};
/* End XCConfigurationList section */
	};
	rootObject = 1B857F10241FAD5600FE41CB /* Project object */;
}
